// !$*UTF8*$!
{
	archiveVersion = 1;
	classes = {
	};
	objectVersion = 50;
	objects = {

/* Begin PBXBuildFile section */
		AF4A2495220E4FC2009F7957 /* AppDelegate.swift in Sources */ = {isa = PBXBuildFile; fileRef = AF4A2494220E4FC2009F7957 /* AppDelegate.swift */; };
		AF4A2497220E4FC2009F7957 /* ViewController.swift in Sources */ = {isa = PBXBuildFile; fileRef = AF4A2496220E4FC2009F7957 /* ViewController.swift */; };
		AF4A249A220E4FC2009F7957 /* Main.storyboard in Resources */ = {isa = PBXBuildFile; fileRef = AF4A2498220E4FC2009F7957 /* Main.storyboard */; };
		AF4A249C220E4FC4009F7957 /* Assets.xcassets in Resources */ = {isa = PBXBuildFile; fileRef = AF4A249B220E4FC4009F7957 /* Assets.xcassets */; };
		AF4A249F220E4FC4009F7957 /* LaunchScreen.storyboard in Resources */ = {isa = PBXBuildFile; fileRef = AF4A249D220E4FC4009F7957 /* LaunchScreen.storyboard */; };
		AF4A24A7220E5EC5009F7957 /* Viagem.swift in Sources */ = {isa = PBXBuildFile; fileRef = AF4A24A6220E5EC5009F7957 /* Viagem.swift */; };
		AF4A24A9220E5F96009F7957 /* ViagemDAO.swift in Sources */ = {isa = PBXBuildFile; fileRef = AF4A24A8220E5F95009F7957 /* ViagemDAO.swift */; };
		AF4A24AB220E6129009F7957 /* TableViewCell.swift in Sources */ = {isa = PBXBuildFile; fileRef = AF4A24AA220E6129009F7957 /* TableViewCell.swift */; };
		AF4A24AD220E6583009F7957 /* Assets in Resources */ = {isa = PBXBuildFile; fileRef = AF4A24AC220E6583009F7957 /* Assets */; };
/* End PBXBuildFile section */

/* Begin PBXFileReference section */
		AF4A2491220E4FC2009F7957 /* alura-viagens.app */ = {isa = PBXFileReference; explicitFileType = wrapper.application; includeInIndex = 0; path = "alura-viagens.app"; sourceTree = BUILT_PRODUCTS_DIR; };
		AF4A2494220E4FC2009F7957 /* AppDelegate.swift */ = {isa = PBXFileReference; lastKnownFileType = sourcecode.swift; path = AppDelegate.swift; sourceTree = "<group>"; };
		AF4A2496220E4FC2009F7957 /* ViewController.swift */ = {isa = PBXFileReference; lastKnownFileType = sourcecode.swift; path = ViewController.swift; sourceTree = "<group>"; };
		AF4A2499220E4FC2009F7957 /* Base */ = {isa = PBXFileReference; lastKnownFileType = file.storyboard; name = Base; path = Base.lproj/Main.storyboard; sourceTree = "<group>"; };
		AF4A249B220E4FC4009F7957 /* Assets.xcassets */ = {isa = PBXFileReference; lastKnownFileType = folder.assetcatalog; path = Assets.xcassets; sourceTree = "<group>"; };
		AF4A249E220E4FC4009F7957 /* Base */ = {isa = PBXFileReference; lastKnownFileType = file.storyboard; name = Base; path = Base.lproj/LaunchScreen.storyboard; sourceTree = "<group>"; };
		AF4A24A0220E4FC4009F7957 /* Info.plist */ = {isa = PBXFileReference; lastKnownFileType = text.plist.xml; path = Info.plist; sourceTree = "<group>"; };
		AF4A24A6220E5EC5009F7957 /* Viagem.swift */ = {isa = PBXFileReference; lastKnownFileType = sourcecode.swift; path = Viagem.swift; sourceTree = "<group>"; };
		AF4A24A8220E5F95009F7957 /* ViagemDAO.swift */ = {isa = PBXFileReference; fileEncoding = 4; lastKnownFileType = sourcecode.swift; path = ViagemDAO.swift; sourceTree = "<group>"; };
		AF4A24AA220E6129009F7957 /* TableViewCell.swift */ = {isa = PBXFileReference; lastKnownFileType = sourcecode.swift; path = TableViewCell.swift; sourceTree = "<group>"; };
		AF4A24AC220E6583009F7957 /* Assets */ = {isa = PBXFileReference; lastKnownFileType = folder; path = Assets; sourceTree = "<group>"; };
/* End PBXFileReference section */

/* Begin PBXFrameworksBuildPhase section */
		AF4A248E220E4FC2009F7957 /* Frameworks */ = {
			isa = PBXFrameworksBuildPhase;
			buildActionMask = 2147483647;
			files = (
			);
			runOnlyForDeploymentPostprocessing = 0;
		};
/* End PBXFrameworksBuildPhase section */

/* Begin PBXGroup section */
		AF4A2488220E4FC2009F7957 = {
			isa = PBXGroup;
			children = (
				AF4A2493220E4FC2009F7957 /* alura-viagens */,
				AF4A2492220E4FC2009F7957 /* Products */,
			);
			sourceTree = "<group>";
		};
		AF4A2492220E4FC2009F7957 /* Products */ = {
			isa = PBXGroup;
			children = (
				AF4A2491220E4FC2009F7957 /* alura-viagens.app */,
			);
			name = Products;
			sourceTree = "<group>";
		};
		AF4A2493220E4FC2009F7957 /* alura-viagens */ = {
			isa = PBXGroup;
			children = (
				AF4A2494220E4FC2009F7957 /* AppDelegate.swift */,
				AF539F192210E2BC00DD749A /* Model */,
				AF539F1C2210E3DF00DD749A /* Home */,
				AF4A24AC220E6583009F7957 /* Assets */,
				AF4A2498220E4FC2009F7957 /* Main.storyboard */,
				AF4A249B220E4FC4009F7957 /* Assets.xcassets */,
				AF4A249D220E4FC4009F7957 /* LaunchScreen.storyboard */,
				AF4A24A0220E4FC4009F7957 /* Info.plist */,
			);
			path = "alura-viagens";
			sourceTree = "<group>";
		};
		AF539F192210E2BC00DD749A /* Model */ = {
			isa = PBXGroup;
			children = (
				AF4A24A6220E5EC5009F7957 /* Viagem.swift */,
			);
			path = Model;
			sourceTree = "<group>";
		};
		AF539F1C2210E3DF00DD749A /* Home */ = {
			isa = PBXGroup;
			children = (
				AF539F1F2210E59F00DD749A /* ViagemDAO */,
				AF539F1E2210E46C00DD749A /* View */,
				AF539F1D2210E45600DD749A /* Controller */,
			);
			path = Home;
			sourceTree = "<group>";
		};
		AF539F1D2210E45600DD749A /* Controller */ = {
			isa = PBXGroup;
			children = (
				AF4A2496220E4FC2009F7957 /* ViewController.swift */,
			);
			path = Controller;
			sourceTree = "<group>";
		};
		AF539F1E2210E46C00DD749A /* View */ = {
			isa = PBXGroup;
			children = (
				AF4A24AA220E6129009F7957 /* TableViewCell.swift */,
			);
			path = View;
			sourceTree = "<group>";
		};
		AF539F1F2210E59F00DD749A /* ViagemDAO */ = {
			isa = PBXGroup;
			children = (
				AF4A24A8220E5F95009F7957 /* ViagemDAO.swift */,
			);
			path = ViagemDAO;
			sourceTree = "<group>";
		};
/* End PBXGroup section */

/* Begin PBXNativeTarget section */
		AF4A2490220E4FC2009F7957 /* alura-viagens */ = {
			isa = PBXNativeTarget;
			buildConfigurationList = AF4A24A3220E4FC4009F7957 /* Build configuration list for PBXNativeTarget "alura-viagens" */;
			buildPhases = (
				AF4A248D220E4FC2009F7957 /* Sources */,
				AF4A248E220E4FC2009F7957 /* Frameworks */,
				AF4A248F220E4FC2009F7957 /* Resources */,
			);
			buildRules = (
			);
			dependencies = (
			);
			name = "alura-viagens";
			productName = "alura-viagens";
			productReference = AF4A2491220E4FC2009F7957 /* alura-viagens.app */;
			productType = "com.apple.product-type.application";
		};
/* End PBXNativeTarget section */

/* Begin PBXProject section */
		AF4A2489220E4FC2009F7957 /* Project object */ = {
			isa = PBXProject;
			attributes = {
				LastSwiftUpdateCheck = 1010;
				LastUpgradeCheck = 1010;
				ORGANIZATIONNAME = "Thiago Resende";
				TargetAttributes = {
					AF4A2490220E4FC2009F7957 = {
						CreatedOnToolsVersion = 10.1;
					};
				};
			};
			buildConfigurationList = AF4A248C220E4FC2009F7957 /* Build configuration list for PBXProject "alura-viagens" */;
			compatibilityVersion = "Xcode 9.3";
			developmentRegion = en;
			hasScannedForEncodings = 0;
			knownRegions = (
				en,
				Base,
			);
			mainGroup = AF4A2488220E4FC2009F7957;
			productRefGroup = AF4A2492220E4FC2009F7957 /* Products */;
			projectDirPath = "";
			projectRoot = "";
			targets = (
				AF4A2490220E4FC2009F7957 /* alura-viagens */,
			);
		};
/* End PBXProject section */

/* Begin PBXResourcesBuildPhase section */
		AF4A248F220E4FC2009F7957 /* Resources */ = {
			isa = PBXResourcesBuildPhase;
			buildActionMask = 2147483647;
			files = (
				AF4A249F220E4FC4009F7957 /* LaunchScreen.storyboard in Resources */,
				AF4A24AD220E6583009F7957 /* Assets in Resources */,
				AF4A249C220E4FC4009F7957 /* Assets.xcassets in Resources */,
				AF4A249A220E4FC2009F7957 /* Main.storyboard in Resources */,
			);
			runOnlyForDeploymentPostprocessing = 0;
		};
/* End PBXResourcesBuildPhase section */

/* Begin PBXSourcesBuildPhase section */
		AF4A248D220E4FC2009F7957 /* Sources */ = {
			isa = PBXSourcesBuildPhase;
			buildActionMask = 2147483647;
			files = (
				AF4A24AB220E6129009F7957 /* TableViewCell.swift in Sources */,
				AF4A2497220E4FC2009F7957 /* ViewController.swift in Sources */,
				AF4A24A7220E5EC5009F7957 /* Viagem.swift in Sources */,
				AF4A2495220E4FC2009F7957 /* AppDelegate.swift in Sources */,
				AF4A24A9220E5F96009F7957 /* ViagemDAO.swift in Sources */,
			);
			runOnlyForDeploymentPostprocessing = 0;
		};
/* End PBXSourcesBuildPhase section */

/* Begin PBXVariantGroup section */
		AF4A2498220E4FC2009F7957 /* Main.storyboard */ = {
			isa = PBXVariantGroup;
			children = (
				AF4A2499220E4FC2009F7957 /* Base */,
			);
			name = Main.storyboard;
			sourceTree = "<group>";
		};
		AF4A249D220E4FC4009F7957 /* LaunchScreen.storyboard */ = {
			isa = PBXVariantGroup;
			children = (
				AF4A249E220E4FC4009F7957 /* Base */,
			);
			name = LaunchScreen.storyboard;
			sourceTree = "<group>";
		};
/* End PBXVariantGroup section */

/* Begin XCBuildConfiguration section */
		AF4A24A1220E4FC4009F7957 /* Debug */ = {
			isa = XCBuildConfiguration;
			buildSettings = {
				ALWAYS_SEARCH_USER_PATHS = NO;
				CLANG_ANALYZER_NONNULL = YES;
				CLANG_ANALYZER_NUMBER_OBJECT_CONVERSION = YES_AGGRESSIVE;
				CLANG_CXX_LANGUAGE_STANDARD = "gnu++14";
				CLANG_CXX_LIBRARY = "libc++";
				CLANG_ENABLE_MODULES = YES;
				CLANG_ENABLE_OBJC_ARC = YES;
				CLANG_ENABLE_OBJC_WEAK = YES;
				CLANG_WARN_BLOCK_CAPTURE_AUTORELEASING = YES;
				CLANG_WARN_BOOL_CONVERSION = YES;
				CLANG_WARN_COMMA = YES;
				CLANG_WARN_CONSTANT_CONVERSION = YES;
				CLANG_WARN_DEPRECATED_OBJC_IMPLEMENTATIONS = YES;
				CLANG_WARN_DIRECT_OBJC_ISA_USAGE = YES_ERROR;
				CLANG_WARN_DOCUMENTATION_COMMENTS = YES;
				CLANG_WARN_EMPTY_BODY = YES;
				CLANG_WARN_ENUM_CONVERSION = YES;
				CLANG_WARN_INFINITE_RECURSION = YES;
				CLANG_WARN_INT_CONVERSION = YES;
				CLANG_WARN_NON_LITERAL_NULL_CONVERSION = YES;
				CLANG_WARN_OBJC_IMPLICIT_RETAIN_SELF = YES;
				CLANG_WARN_OBJC_LITERAL_CONVERSION = YES;
				CLANG_WARN_OBJC_ROOT_CLASS = YES_ERROR;
				CLANG_WARN_RANGE_LOOP_ANALYSIS = YES;
				CLANG_WARN_STRICT_PROTOTYPES = YES;
				CLANG_WARN_SUSPICIOUS_MOVE = YES;
				CLANG_WARN_UNGUARDED_AVAILABILITY = YES_AGGRESSIVE;
				CLANG_WARN_UNREACHABLE_CODE = YES;
				CLANG_WARN__DUPLICATE_METHOD_MATCH = YES;
				CODE_SIGN_IDENTITY = "iPhone Developer";
				COPY_PHASE_STRIP = NO;
				DEBUG_INFORMATION_FORMAT = dwarf;
				ENABLE_STRICT_OBJC_MSGSEND = YES;
				ENABLE_TESTABILITY = YES;
				GCC_C_LANGUAGE_STANDARD = gnu11;
				GCC_DYNAMIC_NO_PIC = NO;
				GCC_NO_COMMON_BLOCKS = YES;
				GCC_OPTIMIZATION_LEVEL = 0;
				GCC_PREPROCESSOR_DEFINITIONS = (
					"DEBUG=1",
					"$(inherited)",
				);
				GCC_WARN_64_TO_32_BIT_CONVERSION = YES;
				GCC_WARN_ABOUT_RETURN_TYPE = YES_ERROR;
				GCC_WARN_UNDECLARED_SELECTOR = YES;
				GCC_WARN_UNINITIALIZED_AUTOS = YES_AGGRESSIVE;
				GCC_WARN_UNUSED_FUNCTION = YES;
				GCC_WARN_UNUSED_VARIABLE = YES;
				IPHONEOS_DEPLOYMENT_TARGET = 12.1;
				MTL_ENABLE_DEBUG_INFO = INCLUDE_SOURCE;
				MTL_FAST_MATH = YES;
				ONLY_ACTIVE_ARCH = YES;
				SDKROOT = iphoneos;
				SWIFT_ACTIVE_COMPILATION_CONDITIONS = DEBUG;
				SWIFT_OPTIMIZATION_LEVEL = "-Onone";
			};
			name = Debug;
		};
		AF4A24A2220E4FC4009F7957 /* Release */ = {
			isa = XCBuildConfiguration;
			buildSettings = {
				ALWAYS_SEARCH_USER_PATHS = NO;
				CLANG_ANALYZER_NONNULL = YES;
				CLANG_ANALYZER_NUMBER_OBJECT_CONVERSION = YES_AGGRESSIVE;
				CLANG_CXX_LANGUAGE_STANDARD = "gnu++14";
				CLANG_CXX_LIBRARY = "libc++";
				CLANG_ENABLE_MODULES = YES;
				CLANG_ENABLE_OBJC_ARC = YES;
				CLANG_ENABLE_OBJC_WEAK = YES;
				CLANG_WARN_BLOCK_CAPTURE_AUTORELEASING = YES;
				CLANG_WARN_BOOL_CONVERSION = YES;
				CLANG_WARN_COMMA = YES;
				CLANG_WARN_CONSTANT_CONVERSION = YES;
				CLANG_WARN_DEPRECATED_OBJC_IMPLEMENTATIONS = YES;
				CLANG_WARN_DIRECT_OBJC_ISA_USAGE = YES_ERROR;
				CLANG_WARN_DOCUMENTATION_COMMENTS = YES;
				CLANG_WARN_EMPTY_BODY = YES;
				CLANG_WARN_ENUM_CONVERSION = YES;
				CLANG_WARN_INFINITE_RECURSION = YES;
				CLANG_WARN_INT_CONVERSION = YES;
				CLANG_WARN_NON_LITERAL_NULL_CONVERSION = YES;
				CLANG_WARN_OBJC_IMPLICIT_RETAIN_SELF = YES;
				CLANG_WARN_OBJC_LITERAL_CONVERSION = YES;
				CLANG_WARN_OBJC_ROOT_CLASS = YES_ERROR;
				CLANG_WARN_RANGE_LOOP_ANALYSIS = YES;
				CLANG_WARN_STRICT_PROTOTYPES = YES;
				CLANG_WARN_SUSPICIOUS_MOVE = YES;
				CLANG_WARN_UNGUARDED_AVAILABILITY = YES_AGGRESSIVE;
				CLANG_WARN_UNREACHABLE_CODE = YES;
				CLANG_WARN__DUPLICATE_METHOD_MATCH = YES;
				CODE_SIGN_IDENTITY = "iPhone Developer";
				COPY_PHASE_STRIP = NO;
				DEBUG_INFORMATION_FORMAT = "dwarf-with-dsym";
				ENABLE_NS_ASSERTIONS = NO;
				ENABLE_STRICT_OBJC_MSGSEND = YES;
				GCC_C_LANGUAGE_STANDARD = gnu11;
				GCC_NO_COMMON_BLOCKS = YES;
				GCC_WARN_64_TO_32_BIT_CONVERSION = YES;
				GCC_WARN_ABOUT_RETURN_TYPE = YES_ERROR;
				GCC_WARN_UNDECLARED_SELECTOR = YES;
				GCC_WARN_UNINITIALIZED_AUTOS = YES_AGGRESSIVE;
				GCC_WARN_UNUSED_FUNCTION = YES;
				GCC_WARN_UNUSED_VARIABLE = YES;
				IPHONEOS_DEPLOYMENT_TARGET = 12.1;
				MTL_ENABLE_DEBUG_INFO = NO;
				MTL_FAST_MATH = YES;
				SDKROOT = iphoneos;
				SWIFT_COMPILATION_MODE = wholemodule;
				SWIFT_OPTIMIZATION_LEVEL = "-O";
				VALIDATE_PRODUCT = YES;
			};
			name = Release;
		};
		AF4A24A4220E4FC4009F7957 /* Debug */ = {
			isa = XCBuildConfiguration;
			buildSettings = {
				ASSETCATALOG_COMPILER_APPICON_NAME = AppIcon;
				CODE_SIGN_STYLE = Automatic;
				INFOPLIST_FILE = "alura-viagens/Info.plist";
				LD_RUNPATH_SEARCH_PATHS = (
					"$(inherited)",
					"@executable_path/Frameworks",
				);
				PRODUCT_BUNDLE_IDENTIFIER = "code-craft.alura-viagens";
				PRODUCT_NAME = "$(TARGET_NAME)";
				SWIFT_VERSION = 4.2;
				TARGETED_DEVICE_FAMILY = "1,2";
			};
			name = Debug;
		};
		AF4A24A5220E4FC4009F7957 /* Release */ = {
			isa = XCBuildConfiguration;
			buildSettings = {
				ASSETCATALOG_COMPILER_APPICON_NAME = AppIcon;
				CODE_SIGN_STYLE = Automatic;
				INFOPLIST_FILE = "alura-viagens/Info.plist";
				LD_RUNPATH_SEARCH_PATHS = (
					"$(inherited)",
					"@executable_path/Frameworks",
				);
				PRODUCT_BUNDLE_IDENTIFIER = "code-craft.alura-viagens";
				PRODUCT_NAME = "$(TARGET_NAME)";
				SWIFT_VERSION = 4.2;
				TARGETED_DEVICE_FAMILY = "1,2";
			};
			name = Release;
		};
/* End XCBuildConfiguration section */

/* Begin XCConfigurationList section */
		AF4A248C220E4FC2009F7957 /* Build configuration list for PBXProject "alura-viagens" */ = {
			isa = XCConfigurationList;
			buildConfigurations = (
				AF4A24A1220E4FC4009F7957 /* Debug */,
				AF4A24A2220E4FC4009F7957 /* Release */,
			);
			defaultConfigurationIsVisible = 0;
			defaultConfigurationName = Release;
		};
		AF4A24A3220E4FC4009F7957 /* Build configuration list for PBXNativeTarget "alura-viagens" */ = {
			isa = XCConfigurationList;
			buildConfigurations = (
				AF4A24A4220E4FC4009F7957 /* Debug */,
				AF4A24A5220E4FC4009F7957 /* Release */,
			);
			defaultConfigurationIsVisible = 0;
			defaultConfigurationName = Release;
		};
/* End XCConfigurationList section */
	};
	rootObject = AF4A2489220E4FC2009F7957 /* Project object */;
}
